{
  "name": "@ewc/icon",
  "version": "0.0.1",
  "lockfileVersion": 2,
  "requires": true,
  "packages": {
    "": {
      "name": "@ewc/icon",
      "version": "0.0.1",
      "license": "BSD-3-Clause",
      "dependencies": {
        "@spectrum-web-components/icon": "^0.9.8",
        "lit": "^2.0.0-rc.1",
        "lit-element": "^3.0.0-rc.1"
      }
    },
    "node_modules/@lit/reactive-element": {
      "version": "1.0.0-rc.2",
      "resolved": "https://registry.npmjs.org/@lit/reactive-element/-/reactive-element-1.0.0-rc.2.tgz",
      "integrity": "sha512-cujeIl5Ei8FC7UHf4/4Q3bRJOtdTe1vpJV/JEBYCggedmQ+2P8A2oz7eE+Vxi6OJ4nc0X+KZxXnBoH4QrEbmEQ=="
    },
    "node_modules/@spectrum-web-components/base": {
      "version": "0.4.5",
      "resolved": "https://registry.npmjs.org/@spectrum-web-components/base/-/base-0.4.5.tgz",
      "integrity": "sha512-jmscRE7zvUrVC+3tbi0dF8vTFtGbEmgTartWz7Az6RVzXKIgPwmk6aY1wjBgh243L6vBJ1lR19zJ2dBEGKAZ4A==",
      "dependencies": {
        "lit-element": "^2.4.0",
        "lit-html": "^1.0.0",
        "tslib": "^2.0.0"
      }
    },
    "node_modules/@spectrum-web-components/base/node_modules/lit-element": {
      "version": "2.5.1",
      "resolved": "https://registry.npmjs.org/lit-element/-/lit-element-2.5.1.tgz",
      "integrity": "sha512-ogu7PiJTA33bEK0xGu1dmaX5vhcRjBXCFexPja0e7P7jqLhTpNKYRPmE+GmiCaRVAbiQKGkUgkh/i6+bh++dPQ==",
      "dependencies": {
        "lit-html": "^1.1.1"
      }
    },
    "node_modules/@spectrum-web-components/icon": {
      "version": "0.9.8",
      "resolved": "https://registry.npmjs.org/@spectrum-web-components/icon/-/icon-0.9.8.tgz",
      "integrity": "sha512-/9Anuk0UyuJ4XHk1qPLoDEEVMuVRiH++cnRJGRqVFChzk8QFzpYr+d9wvdZM5DgAmFcmfLSiLWFu9djCwdA35g==",
      "dependencies": {
        "@spectrum-web-components/base": "^0.4.5",
        "@spectrum-web-components/iconset": "^0.5.7",
        "tslib": "^2.0.0"
      }
    },
    "node_modules/@spectrum-web-components/iconset": {
      "version": "0.5.7",
      "resolved": "https://registry.npmjs.org/@spectrum-web-components/iconset/-/iconset-0.5.7.tgz",
      "integrity": "sha512-xfrLwM5xn8MFZ8nfZYSo382H5gSyIZURy5k6m7R1JMvS6o1MDDtfPoXgam122B+9Thfd+3YZbMDtgWY/AIjfgw==",
      "dependencies": {
        "@spectrum-web-components/base": "^0.4.5",
        "tslib": "^2.0.0"
      }
    },
    "node_modules/@types/trusted-types": {
      "version": "1.0.6",
      "resolved": "https://registry.npmjs.org/@types/trusted-types/-/trusted-types-1.0.6.tgz",
      "integrity": "sha512-230RC8sFeHoT6sSUlRO6a8cAnclO06eeiq1QDfiv2FGCLWFvvERWgwIQD4FWqD9A69BN7Lzee4OXwoMVnnsWDw=="
    },
    "node_modules/lit": {
      "version": "2.0.0-rc.2",
      "resolved": "https://registry.npmjs.org/lit/-/lit-2.0.0-rc.2.tgz",
      "integrity": "sha512-BOCuoJR04WaTV8UqTKk09cNcQA10Aq2LCcBOiHuF7TzWH5RNDsbCBP5QM9sLBSotGTXbDug/gFO08jq6TbyEtw==",
      "dependencies": {
        "@lit/reactive-element": "^1.0.0-rc.2",
        "lit-element": "^3.0.0-rc.2",
        "lit-html": "^2.0.0-rc.3"
      }
    },
    "node_modules/lit-element": {
      "version": "3.0.0-rc.2",
      "resolved": "https://registry.npmjs.org/lit-element/-/lit-element-3.0.0-rc.2.tgz",
      "integrity": "sha512-2Z7DabJ3b5K+p5073vFjMODoaWqy5PIaI4y6ADKm+fCGc8OnX9fU9dMoUEBZjFpd/bEFR9PBp050tUtBnT9XTQ==",
      "dependencies": {
        "@lit/reactive-element": "^1.0.0-rc.2",
        "lit-html": "^2.0.0-rc.3"
      }
    },
    "node_modules/lit-element/node_modules/lit-html": {
      "version": "2.0.0-rc.3",
      "resolved": "https://registry.npmjs.org/lit-html/-/lit-html-2.0.0-rc.3.tgz",
      "integrity": "sha512-Y6P8LlAyQuqvzq6l/Nc4z5/P5M/rVLYKQIRxcNwSuGajK0g4kbcBFQqZmgvqKG+ak+dHZjfm2HUw9TF5N/pkCw==",
      "dependencies": {
        "@types/trusted-types": "^1.0.1"
      }
    },
    "node_modules/lit-html": {
      "version": "1.4.1",
      "resolved": "https://registry.npmjs.org/lit-html/-/lit-html-1.4.1.tgz",
      "integrity": "sha512-B9btcSgPYb1q4oSOb/PrOT6Z/H+r6xuNzfH4lFli/AWhYwdtrgQkQWBbIc6mdnf6E2IL3gDXdkkqNktpU0OZQA=="
    },
    "node_modules/lit/node_modules/lit-html": {
      "version": "2.0.0-rc.3",
      "resolved": "https://registry.npmjs.org/lit-html/-/lit-html-2.0.0-rc.3.tgz",
      "integrity": "sha512-Y6P8LlAyQuqvzq6l/Nc4z5/P5M/rVLYKQIRxcNwSuGajK0g4kbcBFQqZmgvqKG+ak+dHZjfm2HUw9TF5N/pkCw==",
      "dependencies": {
        "@types/trusted-types": "^1.0.1"
      }
    },
    "node_modules/tslib": {
      "version": "2.3.0",
      "resolved": "https://registry.npmjs.org/tslib/-/tslib-2.3.0.tgz",
      "integrity": "sha512-N82ooyxVNm6h1riLCoyS9e3fuJ3AMG2zIZs2Gd1ATcSFjSA23Q0fzjjZeh0jbJvWVDZ0cJT8yaNNaaXHzueNjg=="
    }
  },
  "dependencies": {
    "@lit/reactive-element": {
      "version": "1.0.0-rc.2",
      "resolved": "https://registry.npmjs.org/@lit/reactive-element/-/reactive-element-1.0.0-rc.2.tgz",
      "integrity": "sha512-cujeIl5Ei8FC7UHf4/4Q3bRJOtdTe1vpJV/JEBYCggedmQ+2P8A2oz7eE+Vxi6OJ4nc0X+KZxXnBoH4QrEbmEQ=="
    },
    "@spectrum-web-components/base": {
      "version": "0.4.5",
      "resolved": "https://registry.npmjs.org/@spectrum-web-components/base/-/base-0.4.5.tgz",
      "integrity": "sha512-jmscRE7zvUrVC+3tbi0dF8vTFtGbEmgTartWz7Az6RVzXKIgPwmk6aY1wjBgh243L6vBJ1lR19zJ2dBEGKAZ4A==",
      "requires": {
        "lit-element": "^2.4.0",
        "lit-html": "^1.0.0",
        "tslib": "^2.0.0"
      },
      "dependencies": {
        "lit-element": {
          "version": "2.5.1",
          "resolved": "https://registry.npmjs.org/lit-element/-/lit-element-2.5.1.tgz",
          "integrity": "sha512-ogu7PiJTA33bEK0xGu1dmaX5vhcRjBXCFexPja0e7P7jqLhTpNKYRPmE+GmiCaRVAbiQKGkUgkh/i6+bh++dPQ==",
          "requires": {
            "lit-html": "^1.1.1"
          }
        }
      }
    },
    "@spectrum-web-components/icon": {
      "version": "0.9.8",
      "resolved": "https://registry.npmjs.org/@spectrum-web-components/icon/-/icon-0.9.8.tgz",
      "integrity": "sha512-/9Anuk0UyuJ4XHk1qPLoDEEVMuVRiH++cnRJGRqVFChzk8QFzpYr+d9wvdZM5DgAmFcmfLSiLWFu9djCwdA35g==",
      "requires": {
        "@spectrum-web-components/base": "^0.4.5",
        "@spectrum-web-components/iconset": "^0.5.7",
        "tslib": "^2.0.0"
      }
    },
    "@spectrum-web-components/iconset": {
      "version": "0.5.7",
      "resolved": "https://registry.npmjs.org/@spectrum-web-components/iconset/-/iconset-0.5.7.tgz",
      "integrity": "sha512-xfrLwM5xn8MFZ8nfZYSo382H5gSyIZURy5k6m7R1JMvS6o1MDDtfPoXgam122B+9Thfd+3YZbMDtgWY/AIjfgw==",
      "requires": {
        "@spectrum-web-components/base": "^0.4.5",
        "tslib": "^2.0.0"
      }
    },
    "@types/trusted-types": {
      "version": "1.0.6",
      "resolved": "https://registry.npmjs.org/@types/trusted-types/-/trusted-types-1.0.6.tgz",
      "integrity": "sha512-230RC8sFeHoT6sSUlRO6a8cAnclO06eeiq1QDfiv2FGCLWFvvERWgwIQD4FWqD9A69BN7Lzee4OXwoMVnnsWDw=="
    },
    "lit": {
      "version": "2.0.0-rc.2",
      "resolved": "https://registry.npmjs.org/lit/-/lit-2.0.0-rc.2.tgz",
      "integrity": "sha512-BOCuoJR04WaTV8UqTKk09cNcQA10Aq2LCcBOiHuF7TzWH5RNDsbCBP5QM9sLBSotGTXbDug/gFO08jq6TbyEtw==",
      "requires": {
        "@lit/reactive-element": "^1.0.0-rc.2",
        "lit-element": "^3.0.0-rc.2",
        "lit-html": "^2.0.0-rc.3"
      },
      "dependencies": {
        "lit-html": {
          "version": "2.0.0-rc.3",
          "resolved": "https://registry.npmjs.org/lit-html/-/lit-html-2.0.0-rc.3.tgz",
          "integrity": "sha512-Y6P8LlAyQuqvzq6l/Nc4z5/P5M/rVLYKQIRxcNwSuGajK0g4kbcBFQqZmgvqKG+ak+dHZjfm2HUw9TF5N/pkCw==",
          "requires": {
            "@types/trusted-types": "^1.0.1"
          }
        }
      }
    },
    "lit-element": {
      "version": "3.0.0-rc.2",
      "resolved": "https://registry.npmjs.org/lit-element/-/lit-element-3.0.0-rc.2.tgz",
      "integrity": "sha512-2Z7DabJ3b5K+p5073vFjMODoaWqy5PIaI4y6ADKm+fCGc8OnX9fU9dMoUEBZjFpd/bEFR9PBp050tUtBnT9XTQ==",
      "requires": {
        "@lit/reactive-element": "^1.0.0-rc.2",
        "lit-html": "^2.0.0-rc.3"
      },
      "dependencies": {
        "lit-html": {
          "version": "2.0.0-rc.3",
          "resolved": "https://registry.npmjs.org/lit-html/-/lit-html-2.0.0-rc.3.tgz",
          "integrity": "sha512-Y6P8LlAyQuqvzq6l/Nc4z5/P5M/rVLYKQIRxcNwSuGajK0g4kbcBFQqZmgvqKG+ak+dHZjfm2HUw9TF5N/pkCw==",
          "requires": {
            "@types/trusted-types": "^1.0.1"
          }
        }
      }
    },
    "lit-html": {
      "version": "1.4.1",
      "resolved": "https://registry.npmjs.org/lit-html/-/lit-html-1.4.1.tgz",
      "integrity": "sha512-B9btcSgPYb1q4oSOb/PrOT6Z/H+r6xuNzfH4lFli/AWhYwdtrgQkQWBbIc6mdnf6E2IL3gDXdkkqNktpU0OZQA=="
    },
    "tslib": {
      "version": "2.3.0",
      "resolved": "https://registry.npmjs.org/tslib/-/tslib-2.3.0.tgz",
      "integrity": "sha512-N82ooyxVNm6h1riLCoyS9e3fuJ3AMG2zIZs2Gd1ATcSFjSA23Q0fzjjZeh0jbJvWVDZ0cJT8yaNNaaXHzueNjg=="
    }
  }
}
