{
	"name": "wp-test-server",
	"version": "1.0.0",
	"lockfileVersion": 3,
	"requires": true,
	"packages": {
		"": {
			"name": "wp-test-server",
			"version": "1.0.0",
			"license": "ISC",
			"dependencies": {
				"docker-compose": "^0.24.8"
			},
			"bin": {
				"wp-test-server": "dist/index.js"
			},
			"devDependencies": {
				"typescript": "^5.5.3"
			}
		},
		"node_modules/docker-compose": {
			"version": "0.24.8",
			"resolved": "https://registry.npmjs.org/docker-compose/-/docker-compose-0.24.8.tgz",
			"integrity": "sha512-plizRs/Vf15H+GCVxq2EUvyPK7ei9b/cVesHvjnX4xaXjM9spHe2Ytq0BitndFgvTJ3E3NljPNUEl7BAN43iZw==",
			"dependencies": {
				"yaml": "^2.2.2"
			},
			"engines": {
				"node": ">= 6.0.0"
			}
		},
		"node_modules/typescript": {
			"version": "5.5.3",
			"resolved": "https://registry.npmjs.org/typescript/-/typescript-5.5.3.tgz",
			"integrity": "sha512-/hreyEujaB0w76zKo6717l3L0o/qEUtRgdvUBvlkhoWeOVMjMuHNHk0BRBzikzuGDqNmPQbg5ifMEqsHLiIUcQ==",
			"dev": true,
			"bin": {
				"tsc": "bin/tsc",
				"tsserver": "bin/tsserver"
			},
			"engines": {
				"node": ">=14.17"
			}
		},
		"node_modules/yaml": {
			"version": "2.4.5",
			"resolved": "https://registry.npmjs.org/yaml/-/yaml-2.4.5.tgz",
			"integrity": "sha512-aBx2bnqDzVOyNKfsysjA2ms5ZlnjSAW2eG3/L5G/CSujfjLJTJsEw1bGw8kCf04KodQWk1pxlGnZ56CRxiawmg==",
			"bin": {
				"yaml": "bin.mjs"
			},
			"engines": {
				"node": ">= 14"
			}
		}
	}
}
