{
  "name": "@ewc/heading",
  "version": "0.0.1",
  "lockfileVersion": 2,
  "requires": true,
  "packages": {
    "": {
      "name": "@ewc/heading",
      "version": "0.0.1",
      "license": "BSD-3-Clause",
      "dependencies": {
        "lit": "^2.0.0-rc.1",
        "lit-element": "^3.0.0-rc.1"
      }
    },
    "node_modules/@lit/reactive-element": {
      "version": "1.0.0-rc.1",
      "resolved": "https://registry.npmjs.org/@lit/reactive-element/-/reactive-element-1.0.0-rc.1.tgz",
      "integrity": "sha512-TLRPKOhQLNOMcpCXHiTKrNKX5eNzhf9y07jp27MXkjTH1IbXFvcT9/mVdOG/3qfMkip+iO6CEfv5a+y0wFhQig=="
    },
    "node_modules/@types/trusted-types": {
      "version": "1.0.6",
      "resolved": "https://registry.npmjs.org/@types/trusted-types/-/trusted-types-1.0.6.tgz",
      "integrity": "sha512-230RC8sFeHoT6sSUlRO6a8cAnclO06eeiq1QDfiv2FGCLWFvvERWgwIQD4FWqD9A69BN7Lzee4OXwoMVnnsWDw=="
    },
    "node_modules/lit": {
      "version": "2.0.0-rc.1",
      "resolved": "https://registry.npmjs.org/lit/-/lit-2.0.0-rc.1.tgz",
      "integrity": "sha512-cf4r18feMhu56sO963a5MaHUn6OX2Am9sj9lzyGTYx2IPDhC9NP/Xh4rj9Ialo9dA+lI4brD7+9cxSzRIWHOmw==",
      "dependencies": {
        "@lit/reactive-element": "^1.0.0-rc.1",
        "lit-element": "^3.0.0-rc.1",
        "lit-html": "^2.0.0-rc.1"
      }
    },
    "node_modules/lit-element": {
      "version": "3.0.0-rc.1",
      "resolved": "https://registry.npmjs.org/lit-element/-/lit-element-3.0.0-rc.1.tgz",
      "integrity": "sha512-SQH7LODMy+42UTOGiyHUTXronvv8Cud0Y/8Q8/1jd/9Putuh66GjN7FEjyNRxVbpIygnPqMbG854J9Ct9IJlFw==",
      "dependencies": {
        "@lit/reactive-element": "^1.0.0-rc.1",
        "lit-html": "^2.0.0-rc.1"
      }
    },
    "node_modules/lit-html": {
      "version": "2.0.0-rc.2",
      "resolved": "https://registry.npmjs.org/lit-html/-/lit-html-2.0.0-rc.2.tgz",
      "integrity": "sha512-rl3vtIQ0jq6r0GVbg+57Et9ra+iNhiz/v5V7uPTb6VxnjJaCCYKI7WkzKNlyzjMM2N/ytih3Uxb5vyyaOpjb0Q==",
      "dependencies": {
        "@types/trusted-types": "^1.0.1"
      }
    }
  },
  "dependencies": {
    "@lit/reactive-element": {
      "version": "1.0.0-rc.1",
      "resolved": "https://registry.npmjs.org/@lit/reactive-element/-/reactive-element-1.0.0-rc.1.tgz",
      "integrity": "sha512-TLRPKOhQLNOMcpCXHiTKrNKX5eNzhf9y07jp27MXkjTH1IbXFvcT9/mVdOG/3qfMkip+iO6CEfv5a+y0wFhQig=="
    },
    "@types/trusted-types": {
      "version": "1.0.6",
      "resolved": "https://registry.npmjs.org/@types/trusted-types/-/trusted-types-1.0.6.tgz",
      "integrity": "sha512-230RC8sFeHoT6sSUlRO6a8cAnclO06eeiq1QDfiv2FGCLWFvvERWgwIQD4FWqD9A69BN7Lzee4OXwoMVnnsWDw=="
    },
    "lit": {
      "version": "2.0.0-rc.1",
      "resolved": "https://registry.npmjs.org/lit/-/lit-2.0.0-rc.1.tgz",
      "integrity": "sha512-cf4r18feMhu56sO963a5MaHUn6OX2Am9sj9lzyGTYx2IPDhC9NP/Xh4rj9Ialo9dA+lI4brD7+9cxSzRIWHOmw==",
      "requires": {
        "@lit/reactive-element": "^1.0.0-rc.1",
        "lit-element": "^3.0.0-rc.1",
        "lit-html": "^2.0.0-rc.1"
      }
    },
    "lit-element": {
      "version": "3.0.0-rc.1",
      "resolved": "https://registry.npmjs.org/lit-element/-/lit-element-3.0.0-rc.1.tgz",
      "integrity": "sha512-SQH7LODMy+42UTOGiyHUTXronvv8Cud0Y/8Q8/1jd/9Putuh66GjN7FEjyNRxVbpIygnPqMbG854J9Ct9IJlFw==",
      "requires": {
        "@lit/reactive-element": "^1.0.0-rc.1",
        "lit-html": "^2.0.0-rc.1"
      }
    },
    "lit-html": {
      "version": "2.0.0-rc.2",
      "resolved": "https://registry.npmjs.org/lit-html/-/lit-html-2.0.0-rc.2.tgz",
      "integrity": "sha512-rl3vtIQ0jq6r0GVbg+57Et9ra+iNhiz/v5V7uPTb6VxnjJaCCYKI7WkzKNlyzjMM2N/ytih3Uxb5vyyaOpjb0Q==",
      "requires": {
        "@types/trusted-types": "^1.0.1"
      }
    }
  }
}
